// !$*UTF8*$!
{
	archiveVersion = 1;
	classes = {
	};
	objectVersion = 55;
	objects = {

/* Begin PBXBuildFile section */
		D062DF9B28DC26A9005BF6AF /* Tests_iOS.swift in Sources */ = {isa = PBXBuildFile; fileRef = D062DF9A28DC26A9005BF6AF /* Tests_iOS.swift */; };
		D062DF9D28DC26A9005BF6AF /* Tests_iOSLaunchTests.swift in Sources */ = {isa = PBXBuildFile; fileRef = D062DF9C28DC26A9005BF6AF /* Tests_iOSLaunchTests.swift */; };
		D062DFA728DC26A9005BF6AF /* Tests_macOS.swift in Sources */ = {isa = PBXBuildFile; fileRef = D062DFA628DC26A9005BF6AF /* Tests_macOS.swift */; };
		D062DFA928DC26A9005BF6AF /* Tests_macOSLaunchTests.swift in Sources */ = {isa = PBXBuildFile; fileRef = D062DFA828DC26A9005BF6AF /* Tests_macOSLaunchTests.swift */; };
		D062DFAA28DC26A9005BF6AF /* SearchDemoApp.swift in Sources */ = {isa = PBXBuildFile; fileRef = D062DF8228DC26A8005BF6AF /* SearchDemoApp.swift */; };
		D062DFAB28DC26A9005BF6AF /* SearchDemoApp.swift in Sources */ = {isa = PBXBuildFile; fileRef = D062DF8228DC26A8005BF6AF /* SearchDemoApp.swift */; };
		D062DFAC28DC26A9005BF6AF /* ContentView.swift in Sources */ = {isa = PBXBuildFile; fileRef = D062DF8328DC26A8005BF6AF /* ContentView.swift */; };
		D062DFAD28DC26A9005BF6AF /* ContentView.swift in Sources */ = {isa = PBXBuildFile; fileRef = D062DF8328DC26A8005BF6AF /* ContentView.swift */; };
		D062DFAE28DC26A9005BF6AF /* Assets.xcassets in Resources */ = {isa = PBXBuildFile; fileRef = D062DF8428DC26A8005BF6AF /* Assets.xcassets */; };
		D062DFAF28DC26A9005BF6AF /* Assets.xcassets in Resources */ = {isa = PBXBuildFile; fileRef = D062DF8428DC26A8005BF6AF /* Assets.xcassets */; };
/* End PBXBuildFile section */

/* Begin PBXContainerItemProxy section */
		D062DF9728DC26A9005BF6AF /* PBXContainerItemProxy */ = {
			isa = PBXContainerItemProxy;
			containerPortal = D062DF7D28DC26A7005BF6AF /* Project object */;
			proxyType = 1;
			remoteGlobalIDString = D062DF8828DC26A9005BF6AF;
			remoteInfo = "SearchDemo (iOS)";
		};
		D062DFA328DC26A9005BF6AF /* PBXContainerItemProxy */ = {
			isa = PBXContainerItemProxy;
			containerPortal = D062DF7D28DC26A7005BF6AF /* Project object */;
			proxyType = 1;
			remoteGlobalIDString = D062DF8E28DC26A9005BF6AF;
			remoteInfo = "SearchDemo (macOS)";
		};
/* End PBXContainerItemProxy section */

/* Begin PBXFileReference section */
		D062DF8228DC26A8005BF6AF /* SearchDemoApp.swift */ = {isa = PBXFileReference; lastKnownFileType = sourcecode.swift; path = SearchDemoApp.swift; sourceTree = "<group>"; };
		D062DF8328DC26A8005BF6AF /* ContentView.swift */ = {isa = PBXFileReference; lastKnownFileType = sourcecode.swift; path = ContentView.swift; sourceTree = "<group>"; };
		D062DF8428DC26A8005BF6AF /* Assets.xcassets */ = {isa = PBXFileReference; lastKnownFileType = folder.assetcatalog; path = Assets.xcassets; sourceTree = "<group>"; };
		D062DF8928DC26A9005BF6AF /* SearchDemo.app */ = {isa = PBXFileReference; explicitFileType = wrapper.application; includeInIndex = 0; path = SearchDemo.app; sourceTree = BUILT_PRODUCTS_DIR; };
		D062DF8F28DC26A9005BF6AF /* SearchDemo.app */ = {isa = PBXFileReference; explicitFileType = wrapper.application; includeInIndex = 0; path = SearchDemo.app; sourceTree = BUILT_PRODUCTS_DIR; };
		D062DF9128DC26A9005BF6AF /* macOS.entitlements */ = {isa = PBXFileReference; lastKnownFileType = text.plist.entitlements; path = macOS.entitlements; sourceTree = "<group>"; };
		D062DF9628DC26A9005BF6AF /* Tests iOS.xctest */ = {isa = PBXFileReference; explicitFileType = wrapper.cfbundle; includeInIndex = 0; path = "Tests iOS.xctest"; sourceTree = BUILT_PRODUCTS_DIR; };
		D062DF9A28DC26A9005BF6AF /* Tests_iOS.swift */ = {isa = PBXFileReference; lastKnownFileType = sourcecode.swift; path = Tests_iOS.swift; sourceTree = "<group>"; };
		D062DF9C28DC26A9005BF6AF /* Tests_iOSLaunchTests.swift */ = {isa = PBXFileReference; lastKnownFileType = sourcecode.swift; path = Tests_iOSLaunchTests.swift; sourceTree = "<group>"; };
		D062DFA228DC26A9005BF6AF /* Tests macOS.xctest */ = {isa = PBXFileReference; explicitFileType = wrapper.cfbundle; includeInIndex = 0; path = "Tests macOS.xctest"; sourceTree = BUILT_PRODUCTS_DIR; };
		D062DFA628DC26A9005BF6AF /* Tests_macOS.swift */ = {isa = PBXFileReference; lastKnownFileType = sourcecode.swift; path = Tests_macOS.swift; sourceTree = "<group>"; };
		D062DFA828DC26A9005BF6AF /* Tests_macOSLaunchTests.swift */ = {isa = PBXFileReference; lastKnownFileType = sourcecode.swift; path = Tests_macOSLaunchTests.swift; sourceTree = "<group>"; };
/* End PBXFileReference section */

/* Begin PBXFrameworksBuildPhase section */
		D062DF8628DC26A9005BF6AF /* Frameworks */ = {
			isa = PBXFrameworksBuildPhase;
			buildActionMask = 2147483647;
			files = (
			);
			runOnlyForDeploymentPostprocessing = 0;
		};
		D062DF8C28DC26A9005BF6AF /* Frameworks */ = {
			isa = PBXFrameworksBuildPhase;
			buildActionMask = 2147483647;
			files = (
			);
			runOnlyForDeploymentPostprocessing = 0;
		};
		D062DF9328DC26A9005BF6AF /* Frameworks */ = {
			isa = PBXFrameworksBuildPhase;
			buildActionMask = 2147483647;
			files = (
			);
			runOnlyForDeploymentPostprocessing = 0;
		};
		D062DF9F28DC26A9005BF6AF /* Frameworks */ = {
			isa = PBXFrameworksBuildPhase;
			buildActionMask = 2147483647;
			files = (
			);
			runOnlyForDeploymentPostprocessing = 0;
		};
/* End PBXFrameworksBuildPhase section */

/* Begin PBXGroup section */
		D062DF7C28DC26A7005BF6AF = {
			isa = PBXGroup;
			children = (
				D062DF8128DC26A8005BF6AF /* Shared */,
				D062DF9028DC26A9005BF6AF /* macOS */,
				D062DF9928DC26A9005BF6AF /* Tests iOS */,
				D062DFA528DC26A9005BF6AF /* Tests macOS */,
				D062DF8A28DC26A9005BF6AF /* Products */,
			);
			sourceTree = "<group>";
		};
		D062DF8128DC26A8005BF6AF /* Shared */ = {
			isa = PBXGroup;
			children = (
				D062DF8228DC26A8005BF6AF /* SearchDemoApp.swift */,
				D062DF8328DC26A8005BF6AF /* ContentView.swift */,
				D062DF8428DC26A8005BF6AF /* Assets.xcassets */,
			);
			path = Shared;
			sourceTree = "<group>";
		};
		D062DF8A28DC26A9005BF6AF /* Products */ = {
			isa = PBXGroup;
			children = (
				D062DF8928DC26A9005BF6AF /* SearchDemo.app */,
				D062DF8F28DC26A9005BF6AF /* SearchDemo.app */,
				D062DF9628DC26A9005BF6AF /* Tests iOS.xctest */,
				D062DFA228DC26A9005BF6AF /* Tests macOS.xctest */,
			);
			name = Products;
			sourceTree = "<group>";
		};
		D062DF9028DC26A9005BF6AF /* macOS */ = {
			isa = PBXGroup;
			children = (
				D062DF9128DC26A9005BF6AF /* macOS.entitlements */,
			);
			path = macOS;
			sourceTree = "<group>";
		};
		D062DF9928DC26A9005BF6AF /* Tests iOS */ = {
			isa = PBXGroup;
			children = (
				D062DF9A28DC26A9005BF6AF /* Tests_iOS.swift */,
				D062DF9C28DC26A9005BF6AF /* Tests_iOSLaunchTests.swift */,
			);
			path = "Tests iOS";
			sourceTree = "<group>";
		};
		D062DFA528DC26A9005BF6AF /* Tests macOS */ = {
			isa = PBXGroup;
			children = (
				D062DFA628DC26A9005BF6AF /* Tests_macOS.swift */,
				D062DFA828DC26A9005BF6AF /* Tests_macOSLaunchTests.swift */,
			);
			path = "Tests macOS";
			sourceTree = "<group>";
		};
/* End PBXGroup section */

/* Begin PBXNativeTarget section */
		D062DF8828DC26A9005BF6AF /* SearchDemo (iOS) */ = {
			isa = PBXNativeTarget;
			buildConfigurationList = D062DFB228DC26A9005BF6AF /* Build configuration list for PBXNativeTarget "SearchDemo (iOS)" */;
			buildPhases = (
				D062DF8528DC26A9005BF6AF /* Sources */,
				D062DF8628DC26A9005BF6AF /* Frameworks */,
				D062DF8728DC26A9005BF6AF /* Resources */,
			);
			buildRules = (
			);
			dependencies = (
			);
			name = "SearchDemo (iOS)";
			productName = "SearchDemo (iOS)";
			productReference = D062DF8928DC26A9005BF6AF /* SearchDemo.app */;
			productType = "com.apple.product-type.application";
		};
		D062DF8E28DC26A9005BF6AF /* SearchDemo (macOS) */ = {
			isa = PBXNativeTarget;
			buildConfigurationList = D062DFB528DC26A9005BF6AF /* Build configuration list for PBXNativeTarget "SearchDemo (macOS)" */;
			buildPhases = (
				D062DF8B28DC26A9005BF6AF /* Sources */,
				D062DF8C28DC26A9005BF6AF /* Frameworks */,
				D062DF8D28DC26A9005BF6AF /* Resources */,
			);
			buildRules = (
			);
			dependencies = (
			);
			name = "SearchDemo (macOS)";
			productName = "SearchDemo (macOS)";
			productReference = D062DF8F28DC26A9005BF6AF /* SearchDemo.app */;
			productType = "com.apple.product-type.application";
		};
		D062DF9528DC26A9005BF6AF /* Tests iOS */ = {
			isa = PBXNativeTarget;
			buildConfigurationList = D062DFB828DC26A9005BF6AF /* Build configuration list for PBXNativeTarget "Tests iOS" */;
			buildPhases = (
				D062DF9228DC26A9005BF6AF /* Sources */,
				D062DF9328DC26A9005BF6AF /* Frameworks */,
				D062DF9428DC26A9005BF6AF /* Resources */,
			);
			buildRules = (
			);
			dependencies = (
				D062DF9828DC26A9005BF6AF /* PBXTargetDependency */,
			);
			name = "Tests iOS";
			productName = "Tests iOS";
			productReference = D062DF9628DC26A9005BF6AF /* Tests iOS.xctest */;
			productType = "com.apple.product-type.bundle.ui-testing";
		};
		D062DFA128DC26A9005BF6AF /* Tests macOS */ = {
			isa = PBXNativeTarget;
			buildConfigurationList = D062DFBB28DC26A9005BF6AF /* Build configuration list for PBXNativeTarget "Tests macOS" */;
			buildPhases = (
				D062DF9E28DC26A9005BF6AF /* Sources */,
				D062DF9F28DC26A9005BF6AF /* Frameworks */,
				D062DFA028DC26A9005BF6AF /* Resources */,
			);
			buildRules = (
			);
			dependencies = (
				D062DFA428DC26A9005BF6AF /* PBXTargetDependency */,
			);
			name = "Tests macOS";
			productName = "Tests macOS";
			productReference = D062DFA228DC26A9005BF6AF /* Tests macOS.xctest */;
			productType = "com.apple.product-type.bundle.ui-testing";
		};
/* End PBXNativeTarget section */

/* Begin PBXProject section */
		D062DF7D28DC26A7005BF6AF /* Project object */ = {
			isa = PBXProject;
			attributes = {
				BuildIndependentTargetsInParallel = 1;
				LastSwiftUpdateCheck = 1340;
				LastUpgradeCheck = 1340;
				TargetAttributes = {
					D062DF8828DC26A9005BF6AF = {
						CreatedOnToolsVersion = 13.4.1;
					};
					D062DF8E28DC26A9005BF6AF = {
						CreatedOnToolsVersion = 13.4.1;
					};
					D062DF9528DC26A9005BF6AF = {
						CreatedOnToolsVersion = 13.4.1;
						TestTargetID = D062DF8828DC26A9005BF6AF;
					};
					D062DFA128DC26A9005BF6AF = {
						CreatedOnToolsVersion = 13.4.1;
						TestTargetID = D062DF8E28DC26A9005BF6AF;
					};
				};
			};
			buildConfigurationList = D062DF8028DC26A7005BF6AF /* Build configuration list for PBXProject "SearchDemo" */;
			compatibilityVersion = "Xcode 13.0";
			developmentRegion = en;
			hasScannedForEncodings = 0;
			knownRegions = (
				en,
				Base,
			);
			mainGroup = D062DF7C28DC26A7005BF6AF;
			productRefGroup = D062DF8A28DC26A9005BF6AF /* Products */;
			projectDirPath = "";
			projectRoot = "";
			targets = (
				D062DF8828DC26A9005BF6AF /* SearchDemo (iOS) */,
				D062DF8E28DC26A9005BF6AF /* SearchDemo (macOS) */,
				D062DF9528DC26A9005BF6AF /* Tests iOS */,
				D062DFA128DC26A9005BF6AF /* Tests macOS */,
			);
		};
/* End PBXProject section */

/* Begin PBXResourcesBuildPhase section */
		D062DF8728DC26A9005BF6AF /* Resources */ = {
			isa = PBXResourcesBuildPhase;
			buildActionMask = 2147483647;
			files = (
				D062DFAE28DC26A9005BF6AF /* Assets.xcassets in Resources */,
			);
			runOnlyForDeploymentPostprocessing = 0;
		};
		D062DF8D28DC26A9005BF6AF /* Resources */ = {
			isa = PBXResourcesBuildPhase;
			buildActionMask = 2147483647;
			files = (
				D062DFAF28DC26A9005BF6AF /* Assets.xcassets in Resources */,
			);
			runOnlyForDeploymentPostprocessing = 0;
		};
		D062DF9428DC26A9005BF6AF /* Resources */ = {
			isa = PBXResourcesBuildPhase;
			buildActionMask = 2147483647;
			files = (
			);
			runOnlyForDeploymentPostprocessing = 0;
		};
		D062DFA028DC26A9005BF6AF /* Resources */ = {
			isa = PBXResourcesBuildPhase;
			buildActionMask = 2147483647;
			files = (
			);
			runOnlyForDeploymentPostprocessing = 0;
		};
/* End PBXResourcesBuildPhase section */

/* Begin PBXSourcesBuildPhase section */
		D062DF8528DC26A9005BF6AF /* Sources */ = {
			isa = PBXSourcesBuildPhase;
			buildActionMask = 2147483647;
			files = (
				D062DFAC28DC26A9005BF6AF /* ContentView.swift in Sources */,
				D062DFAA28DC26A9005BF6AF /* SearchDemoApp.swift in Sources */,
			);
			runOnlyForDeploymentPostprocessing = 0;
		};
		D062DF8B28DC26A9005BF6AF /* Sources */ = {
			isa = PBXSourcesBuildPhase;
			buildActionMask = 2147483647;
			files = (
				D062DFAD28DC26A9005BF6AF /* ContentView.swift in Sources */,
				D062DFAB28DC26A9005BF6AF /* SearchDemoApp.swift in Sources */,
			);
			runOnlyForDeploymentPostprocessing = 0;
		};
		D062DF9228DC26A9005BF6AF /* Sources */ = {
			isa = PBXSourcesBuildPhase;
			buildActionMask = 2147483647;
			files = (
				D062DF9D28DC26A9005BF6AF /* Tests_iOSLaunchTests.swift in Sources */,
				D062DF9B28DC26A9005BF6AF /* Tests_iOS.swift in Sources */,
			);
			runOnlyForDeploymentPostprocessing = 0;
		};
		D062DF9E28DC26A9005BF6AF /* Sources */ = {
			isa = PBXSourcesBuildPhase;
			buildActionMask = 2147483647;
			files = (
				D062DFA928DC26A9005BF6AF /* Tests_macOSLaunchTests.swift in Sources */,
				D062DFA728DC26A9005BF6AF /* Tests_macOS.swift in Sources */,
			);
			runOnlyForDeploymentPostprocessing = 0;
		};
/* End PBXSourcesBuildPhase section */

/* Begin PBXTargetDependency section */
		D062DF9828DC26A9005BF6AF /* PBXTargetDependency */ = {
			isa = PBXTargetDependency;
			target = D062DF8828DC26A9005BF6AF /* SearchDemo (iOS) */;
			targetProxy = D062DF9728DC26A9005BF6AF /* PBXContainerItemProxy */;
		};
		D062DFA428DC26A9005BF6AF /* PBXTargetDependency */ = {
			isa = PBXTargetDependency;
			target = D062DF8E28DC26A9005BF6AF /* SearchDemo (macOS) */;
			targetProxy = D062DFA328DC26A9005BF6AF /* PBXContainerItemProxy */;
		};
/* End PBXTargetDependency section */

/* Begin XCBuildConfiguration section */
		D062DFB028DC26A9005BF6AF /* Debug */ = {
			isa = XCBuildConfiguration;
			buildSettings = {
				ALWAYS_SEARCH_USER_PATHS = NO;
				CLANG_ANALYZER_NONNULL = YES;
				CLANG_ANALYZER_NUMBER_OBJECT_CONVERSION = YES_AGGRESSIVE;
				CLANG_CXX_LANGUAGE_STANDARD = "gnu++17";
				CLANG_ENABLE_MODULES = YES;
				CLANG_ENABLE_OBJC_ARC = YES;
				CLANG_ENABLE_OBJC_WEAK = YES;
				CLANG_WARN_BLOCK_CAPTURE_AUTORELEASING = YES;
				CLANG_WARN_BOOL_CONVERSION = YES;
				CLANG_WARN_COMMA = YES;
				CLANG_WARN_CONSTANT_CONVERSION = YES;
				CLANG_WARN_DEPRECATED_OBJC_IMPLEMENTATIONS = YES;
				CLANG_WARN_DIRECT_OBJC_ISA_USAGE = YES_ERROR;
				CLANG_WARN_DOCUMENTATION_COMMENTS = YES;
				CLANG_WARN_EMPTY_BODY = YES;
				CLANG_WARN_ENUM_CONVERSION = YES;
				CLANG_WARN_INFINITE_RECURSION = YES;
				CLANG_WARN_INT_CONVERSION = YES;
				CLANG_WARN_NON_LITERAL_NULL_CONVERSION = YES;
				CLANG_WARN_OBJC_IMPLICIT_RETAIN_SELF = YES;
				CLANG_WARN_OBJC_LITERAL_CONVERSION = YES;
				CLANG_WARN_OBJC_ROOT_CLASS = YES_ERROR;
				CLANG_WARN_QUOTED_INCLUDE_IN_FRAMEWORK_HEADER = YES;
				CLANG_WARN_RANGE_LOOP_ANALYSIS = YES;
				CLANG_WARN_STRICT_PROTOTYPES = YES;
				CLANG_WARN_SUSPICIOUS_MOVE = YES;
				CLANG_WARN_UNGUARDED_AVAILABILITY = YES_AGGRESSIVE;
				CLANG_WARN_UNREACHABLE_CODE = YES;
				CLANG_WARN__DUPLICATE_METHOD_MATCH = YES;
				COPY_PHASE_STRIP = NO;
				DEBUG_INFORMATION_FORMAT = dwarf;
				ENABLE_STRICT_OBJC_MSGSEND = YES;
				ENABLE_TESTABILITY = YES;
				GCC_C_LANGUAGE_STANDARD = gnu11;
				GCC_DYNAMIC_NO_PIC = NO;
				GCC_NO_COMMON_BLOCKS = YES;
				GCC_OPTIMIZATION_LEVEL = 0;
				GCC_PREPROCESSOR_DEFINITIONS = (
					"DEBUG=1",
					"$(inherited)",
				);
				GCC_WARN_64_TO_32_BIT_CONVERSION = YES;
				GCC_WARN_ABOUT_RETURN_TYPE = YES_ERROR;
				GCC_WARN_UNDECLARED_SELECTOR = YES;
				GCC_WARN_UNINITIALIZED_AUTOS = YES_AGGRESSIVE;
				GCC_WARN_UNUSED_FUNCTION = YES;
				GCC_WARN_UNUSED_VARIABLE = YES;
				MTL_ENABLE_DEBUG_INFO = INCLUDE_SOURCE;
				MTL_FAST_MATH = YES;
				ONLY_ACTIVE_ARCH = YES;
				SWIFT_ACTIVE_COMPILATION_CONDITIONS = DEBUG;
				SWIFT_OPTIMIZATION_LEVEL = "-Onone";
			};
			name = Debug;
		};
		D062DFB128DC26A9005BF6AF /* Release */ = {
			isa = XCBuildConfiguration;
			buildSettings = {
				ALWAYS_SEARCH_USER_PATHS = NO;
				CLANG_ANALYZER_NONNULL = YES;
				CLANG_ANALYZER_NUMBER_OBJECT_CONVERSION = YES_AGGRESSIVE;
				CLANG_CXX_LANGUAGE_STANDARD = "gnu++17";
				CLANG_ENABLE_MODULES = YES;
				CLANG_ENABLE_OBJC_ARC = YES;
				CLANG_ENABLE_OBJC_WEAK = YES;
				CLANG_WARN_BLOCK_CAPTURE_AUTORELEASING = YES;
				CLANG_WARN_BOOL_CONVERSION = YES;
				CLANG_WARN_COMMA = YES;
				CLANG_WARN_CONSTANT_CONVERSION = YES;
				CLANG_WARN_DEPRECATED_OBJC_IMPLEMENTATIONS = YES;
				CLANG_WARN_DIRECT_OBJC_ISA_USAGE = YES_ERROR;
				CLANG_WARN_DOCUMENTATION_COMMENTS = YES;
				CLANG_WARN_EMPTY_BODY = YES;
				CLANG_WARN_ENUM_CONVERSION = YES;
				CLANG_WARN_INFINITE_RECURSION = YES;
				CLANG_WARN_INT_CONVERSION = YES;
				CLANG_WARN_NON_LITERAL_NULL_CONVERSION = YES;
				CLANG_WARN_OBJC_IMPLICIT_RETAIN_SELF = YES;
				CLANG_WARN_OBJC_LITERAL_CONVERSION = YES;
				CLANG_WARN_OBJC_ROOT_CLASS = YES_ERROR;
				CLANG_WARN_QUOTED_INCLUDE_IN_FRAMEWORK_HEADER = YES;
				CLANG_WARN_RANGE_LOOP_ANALYSIS = YES;
				CLANG_WARN_STRICT_PROTOTYPES = YES;
				CLANG_WARN_SUSPICIOUS_MOVE = YES;
				CLANG_WARN_UNGUARDED_AVAILABILITY = YES_AGGRESSIVE;
				CLANG_WARN_UNREACHABLE_CODE = YES;
				CLANG_WARN__DUPLICATE_METHOD_MATCH = YES;
				COPY_PHASE_STRIP = NO;
				DEBUG_INFORMATION_FORMAT = "dwarf-with-dsym";
				ENABLE_NS_ASSERTIONS = NO;
				ENABLE_STRICT_OBJC_MSGSEND = YES;
				GCC_C_LANGUAGE_STANDARD = gnu11;
				GCC_NO_COMMON_BLOCKS = YES;
				GCC_WARN_64_TO_32_BIT_CONVERSION = YES;
				GCC_WARN_ABOUT_RETURN_TYPE = YES_ERROR;
				GCC_WARN_UNDECLARED_SELECTOR = YES;
				GCC_WARN_UNINITIALIZED_AUTOS = YES_AGGRESSIVE;
				GCC_WARN_UNUSED_FUNCTION = YES;
				GCC_WARN_UNUSED_VARIABLE = YES;
				MTL_ENABLE_DEBUG_INFO = NO;
				MTL_FAST_MATH = YES;
				SWIFT_COMPILATION_MODE = wholemodule;
				SWIFT_OPTIMIZATION_LEVEL = "-O";
			};
			name = Release;
		};
		D062DFB328DC26A9005BF6AF /* Debug */ = {
			isa = XCBuildConfiguration;
			buildSettings = {
				ASSETCATALOG_COMPILER_APPICON_NAME = AppIcon;
				ASSETCATALOG_COMPILER_GLOBAL_ACCENT_COLOR_NAME = AccentColor;
				CODE_SIGN_STYLE = Automatic;
				CURRENT_PROJECT_VERSION = 1;
				ENABLE_PREVIEWS = YES;
				GENERATE_INFOPLIST_FILE = YES;
				INFOPLIST_KEY_UIApplicationSceneManifest_Generation = YES;
				INFOPLIST_KEY_UIApplicationSupportsIndirectInputEvents = YES;
				INFOPLIST_KEY_UILaunchScreen_Generation = YES;
				INFOPLIST_KEY_UISupportedInterfaceOrientations_iPad = "UIInterfaceOrientationPortrait UIInterfaceOrientationPortraitUpsideDown UIInterfaceOrientationLandscapeLeft UIInterfaceOrientationLandscapeRight";
				INFOPLIST_KEY_UISupportedInterfaceOrientations_iPhone = "UIInterfaceOrientationPortrait UIInterfaceOrientationLandscapeLeft UIInterfaceOrientationLandscapeRight";
				IPHONEOS_DEPLOYMENT_TARGET = 15.5;
				LD_RUNPATH_SEARCH_PATHS = (
					"$(inherited)",
					"@executable_path/Frameworks",
				);
				MARKETING_VERSION = 1.0;
				PRODUCT_BUNDLE_IDENTIFIER = KDM.SearchDemo;
				PRODUCT_NAME = SearchDemo;
				SDKROOT = iphoneos;
				SWIFT_EMIT_LOC_STRINGS = YES;
				SWIFT_VERSION = 5.0;
				TARGETED_DEVICE_FAMILY = "1,2";
			};
			name = Debug;
		};
		D062DFB428DC26A9005BF6AF /* Release */ = {
			isa = XCBuildConfiguration;
			buildSettings = {
				ASSETCATALOG_COMPILER_APPICON_NAME = AppIcon;
				ASSETCATALOG_COMPILER_GLOBAL_ACCENT_COLOR_NAME = AccentColor;
				CODE_SIGN_STYLE = Automatic;
				CURRENT_PROJECT_VERSION = 1;
				ENABLE_PREVIEWS = YES;
				GENERATE_INFOPLIST_FILE = YES;
				INFOPLIST_KEY_UIApplicationSceneManifest_Generation = YES;
				INFOPLIST_KEY_UIApplicationSupportsIndirectInputEvents = YES;
				INFOPLIST_KEY_UILaunchScreen_Generation = YES;
				INFOPLIST_KEY_UISupportedInterfaceOrientations_iPad = "UIInterfaceOrientationPortrait UIInterfaceOrientationPortraitUpsideDown UIInterfaceOrientationLandscapeLeft UIInterfaceOrientationLandscapeRight";
				INFOPLIST_KEY_UISupportedInterfaceOrientations_iPhone = "UIInterfaceOrientationPortrait UIInterfaceOrientationLandscapeLeft UIInterfaceOrientationLandscapeRight";
				IPHONEOS_DEPLOYMENT_TARGET = 15.5;
				LD_RUNPATH_SEARCH_PATHS = (
					"$(inherited)",
					"@executable_path/Frameworks",
				);
				MARKETING_VERSION = 1.0;
				PRODUCT_BUNDLE_IDENTIFIER = KDM.SearchDemo;
				PRODUCT_NAME = SearchDemo;
				SDKROOT = iphoneos;
				SWIFT_EMIT_LOC_STRINGS = YES;
				SWIFT_VERSION = 5.0;
				TARGETED_DEVICE_FAMILY = "1,2";
				VALIDATE_PRODUCT = YES;
			};
			name = Release;
		};
		D062DFB628DC26A9005BF6AF /* Debug */ = {
			isa = XCBuildConfiguration;
			buildSettings = {
				ASSETCATALOG_COMPILER_APPICON_NAME = AppIcon;
				ASSETCATALOG_COMPILER_GLOBAL_ACCENT_COLOR_NAME = AccentColor;
				CODE_SIGN_ENTITLEMENTS = macOS/macOS.entitlements;
				CODE_SIGN_STYLE = Automatic;
				COMBINE_HIDPI_IMAGES = YES;
				CURRENT_PROJECT_VERSION = 1;
				ENABLE_PREVIEWS = YES;
				GENERATE_INFOPLIST_FILE = YES;
				INFOPLIST_KEY_NSHumanReadableCopyright = "";
				LD_RUNPATH_SEARCH_PATHS = (
					"$(inherited)",
					"@executable_path/../Frameworks",
				);
				MACOSX_DEPLOYMENT_TARGET = 12.3;
				MARKETING_VERSION = 1.0;
				PRODUCT_BUNDLE_IDENTIFIER = KDM.SearchDemo;
				PRODUCT_NAME = SearchDemo;
				SDKROOT = macosx;
				SWIFT_EMIT_LOC_STRINGS = YES;
				SWIFT_VERSION = 5.0;
			};
			name = Debug;
		};
		D062DFB728DC26A9005BF6AF /* Release */ = {
			isa = XCBuildConfiguration;
			buildSettings = {
				ASSETCATALOG_COMPILER_APPICON_NAME = AppIcon;
				ASSETCATALOG_COMPILER_GLOBAL_ACCENT_COLOR_NAME = AccentColor;
				CODE_SIGN_ENTITLEMENTS = macOS/macOS.entitlements;
				CODE_SIGN_STYLE = Automatic;
				COMBINE_HIDPI_IMAGES = YES;
				CURRENT_PROJECT_VERSION = 1;
				ENABLE_PREVIEWS = YES;
				GENERATE_INFOPLIST_FILE = YES;
				INFOPLIST_KEY_NSHumanReadableCopyright = "";
				LD_RUNPATH_SEARCH_PATHS = (
					"$(inherited)",
					"@executable_path/../Frameworks",
				);
				MACOSX_DEPLOYMENT_TARGET = 12.3;
				MARKETING_VERSION = 1.0;
				PRODUCT_BUNDLE_IDENTIFIER = KDM.SearchDemo;
				PRODUCT_NAME = SearchDemo;
				SDKROOT = macosx;
				SWIFT_EMIT_LOC_STRINGS = YES;
				SWIFT_VERSION = 5.0;
			};
			name = Release;
		};
		D062DFB928DC26A9005BF6AF /* Debug */ = {
			isa = XCBuildConfiguration;
			buildSettings = {
				ALWAYS_EMBED_SWIFT_STANDARD_LIBRARIES = YES;
				CODE_SIGN_STYLE = Automatic;
				CURRENT_PROJECT_VERSION = 1;
				GENERATE_INFOPLIST_FILE = YES;
				IPHONEOS_DEPLOYMENT_TARGET = 15.5;
				MARKETING_VERSION = 1.0;
				PRODUCT_BUNDLE_IDENTIFIER = "KDM.Tests-iOS";
				PRODUCT_NAME = "$(TARGET_NAME)";
				SDKROOT = iphoneos;
				SWIFT_EMIT_LOC_STRINGS = NO;
				SWIFT_VERSION = 5.0;
				TARGETED_DEVICE_FAMILY = "1,2";
				TEST_TARGET_NAME = "SearchDemo (iOS)";
			};
			name = Debug;
		};
		D062DFBA28DC26A9005BF6AF /* Release */ = {
			isa = XCBuildConfiguration;
			buildSettings = {
				ALWAYS_EMBED_SWIFT_STANDARD_LIBRARIES = YES;
				CODE_SIGN_STYLE = Automatic;
				CURRENT_PROJECT_VERSION = 1;
				GENERATE_INFOPLIST_FILE = YES;
				IPHONEOS_DEPLOYMENT_TARGET = 15.5;
				MARKETING_VERSION = 1.0;
				PRODUCT_BUNDLE_IDENTIFIER = "KDM.Tests-iOS";
				PRODUCT_NAME = "$(TARGET_NAME)";
				SDKROOT = iphoneos;
				SWIFT_EMIT_LOC_STRINGS = NO;
				SWIFT_VERSION = 5.0;
				TARGETED_DEVICE_FAMILY = "1,2";
				TEST_TARGET_NAME = "SearchDemo (iOS)";
				VALIDATE_PRODUCT = YES;
			};
			name = Release;
		};
		D062DFBC28DC26A9005BF6AF /* Debug */ = {
			isa = XCBuildConfiguration;
			buildSettings = {
				ALWAYS_EMBED_SWIFT_STANDARD_LIBRARIES = YES;
				CODE_SIGN_STYLE = Automatic;
				CURRENT_PROJECT_VERSION = 1;
				GENERATE_INFOPLIST_FILE = YES;
				MACOSX_DEPLOYMENT_TARGET = 12.3;
				MARKETING_VERSION = 1.0;
				PRODUCT_BUNDLE_IDENTIFIER = "KDM.Tests-macOS";
				PRODUCT_NAME = "$(TARGET_NAME)";
				SDKROOT = macosx;
				SWIFT_EMIT_LOC_STRINGS = NO;
				SWIFT_VERSION = 5.0;
				TEST_TARGET_NAME = "SearchDemo (macOS)";
			};
			name = Debug;
		};
		D062DFBD28DC26A9005BF6AF /* Release */ = {
			isa = XCBuildConfiguration;
			buildSettings = {
				ALWAYS_EMBED_SWIFT_STANDARD_LIBRARIES = YES;
				CODE_SIGN_STYLE = Automatic;
				CURRENT_PROJECT_VERSION = 1;
				GENERATE_INFOPLIST_FILE = YES;
				MACOSX_DEPLOYMENT_TARGET = 12.3;
				MARKETING_VERSION = 1.0;
				PRODUCT_BUNDLE_IDENTIFIER = "KDM.Tests-macOS";
				PRODUCT_NAME = "$(TARGET_NAME)";
				SDKROOT = macosx;
				SWIFT_EMIT_LOC_STRINGS = NO;
				SWIFT_VERSION = 5.0;
				TEST_TARGET_NAME = "SearchDemo (macOS)";
			};
			name = Release;
		};
/* End XCBuildConfiguration section */

/* Begin XCConfigurationList section */
		D062DF8028DC26A7005BF6AF /* Build configuration list for PBXProject "SearchDemo" */ = {
			isa = XCConfigurationList;
			buildConfigurations = (
				D062DFB028DC26A9005BF6AF /* Debug */,
				D062DFB128DC26A9005BF6AF /* Release */,
			);
			defaultConfigurationIsVisible = 0;
			defaultConfigurationName = Release;
		};
		D062DFB228DC26A9005BF6AF /* Build configuration list for PBXNativeTarget "SearchDemo (iOS)" */ = {
			isa = XCConfigurationList;
			buildConfigurations = (
				D062DFB328DC26A9005BF6AF /* Debug */,
				D062DFB428DC26A9005BF6AF /* Release */,
			);
			defaultConfigurationIsVisible = 0;
			defaultConfigurationName = Release;
		};
		D062DFB528DC26A9005BF6AF /* Build configuration list for PBXNativeTarget "SearchDemo (macOS)" */ = {
			isa = XCConfigurationList;
			buildConfigurations = (
				D062DFB628DC26A9005BF6AF /* Debug */,
				D062DFB728DC26A9005BF6AF /* Release */,
			);
			defaultConfigurationIsVisible = 0;
			defaultConfigurationName = Release;
		};
		D062DFB828DC26A9005BF6AF /* Build configuration list for PBXNativeTarget "Tests iOS" */ = {
			isa = XCConfigurationList;
			buildConfigurations = (
				D062DFB928DC26A9005BF6AF /* Debug */,
				D062DFBA28DC26A9005BF6AF /* Release */,
			);
			defaultConfigurationIsVisible = 0;
			defaultConfigurationName = Release;
		};
		D062DFBB28DC26A9005BF6AF /* Build configuration list for PBXNativeTarget "Tests macOS" */ = {
			isa = XCConfigurationList;
			buildConfigurations = (
				D062DFBC28DC26A9005BF6AF /* Debug */,
				D062DFBD28DC26A9005BF6AF /* Release */,
			);
			defaultConfigurationIsVisible = 0;
			defaultConfigurationName = Release;
		};
/* End XCConfigurationList section */
	};
	rootObject = D062DF7D28DC26A7005BF6AF /* Project object */;
}
